// !$*UTF8*$!
{
	archiveVersion = 1;
	classes = {
	};
	objectVersion = 56;
	objects = {

/* Begin PBXBuildFile section */
		210352452DB8F02000F08902 /* ListViewState.swift in Sources */ = {isa = PBXBuildFile; fileRef = 210352442DB8F02000F08902 /* ListViewState.swift */; };
		211EE9022DB11BDB001A71E8 /* ToDoListApp.swift in Sources */ = {isa = PBXBuildFile; fileRef = 211EE9012DB11BDB001A71E8 /* ToDoListApp.swift */; };
		211EE9042DB11BDB001A71E8 /* DetailView.swift in Sources */ = {isa = PBXBuildFile; fileRef = 211EE9032DB11BDB001A71E8 /* DetailView.swift */; };
		211EE9062DB11BDD001A71E8 /* Assets.xcassets in Resources */ = {isa = PBXBuildFile; fileRef = 211EE9052DB11BDD001A71E8 /* Assets.xcassets */; };
		211EE9092DB11BDD001A71E8 /* Preview Assets.xcassets in Resources */ = {isa = PBXBuildFile; fileRef = 211EE9082DB11BDD001A71E8 /* Preview Assets.xcassets */; };
		211EE90B2DB11BDD001A71E8 /* DataStore.swift in Sources */ = {isa = PBXBuildFile; fileRef = 211EE90A2DB11BDD001A71E8 /* DataStore.swift */; };
		211EE90E2DB11BDD001A71E8 /* ToDoList.xcdatamodeld in Sources */ = {isa = PBXBuildFile; fileRef = 211EE90C2DB11BDD001A71E8 /* ToDoList.xcdatamodeld */; };
		211EE91A2DB11FAC001A71E8 /* Entity.swift in Sources */ = {isa = PBXBuildFile; fileRef = 211EE9192DB11FAC001A71E8 /* Entity.swift */; };
		211EE91C2DB11FCF001A71E8 /* NetworkService.swift in Sources */ = {isa = PBXBuildFile; fileRef = 211EE91B2DB11FCF001A71E8 /* NetworkService.swift */; };
		211EE91E2DB11FF0001A71E8 /* DetailProtocols.swift in Sources */ = {isa = PBXBuildFile; fileRef = 211EE91D2DB11FF0001A71E8 /* DetailProtocols.swift */; };
		215A9F192DB254CD004C6C07 /* DetailInteractor.swift in Sources */ = {isa = PBXBuildFile; fileRef = 215A9F182DB254CD004C6C07 /* DetailInteractor.swift */; };
		215A9F1E2DB25596004C6C07 /* Alamofire in Frameworks */ = {isa = PBXBuildFile; productRef = 215A9F1D2DB25596004C6C07 /* Alamofire */; };
		215A9F292DB26BA8004C6C07 /* ListPresenter.swift in Sources */ = {isa = PBXBuildFile; fileRef = 215A9F282DB26BA8004C6C07 /* ListPresenter.swift */; };
		215A9F2C2DB26BB7004C6C07 /* ListInteractor.swift in Sources */ = {isa = PBXBuildFile; fileRef = 215A9F2B2DB26BB7004C6C07 /* ListInteractor.swift */; };
		215A9F2E2DB26BC0004C6C07 /* ListView.swift in Sources */ = {isa = PBXBuildFile; fileRef = 215A9F2D2DB26BC0004C6C07 /* ListView.swift */; };
		215A9F322DB26BD0004C6C07 /* ListRouter.swift in Sources */ = {isa = PBXBuildFile; fileRef = 215A9F312DB26BD0004C6C07 /* ListRouter.swift */; };
		215A9F372DB27523004C6C07 /* ListProtocols.swift in Sources */ = {isa = PBXBuildFile; fileRef = 215A9F362DB27523004C6C07 /* ListProtocols.swift */; };
		215A9F3B2DB275FE004C6C07 /* DetailAssemblies.swift in Sources */ = {isa = PBXBuildFile; fileRef = 215A9F3A2DB275FE004C6C07 /* DetailAssemblies.swift */; };
		217F7D7E2DB21CF700A3249D /* DetailViewState.swift in Sources */ = {isa = PBXBuildFile; fileRef = 217F7D7D2DB21CF700A3249D /* DetailViewState.swift */; };
		217F7D802DB21DA200A3249D /* DetailPresenter.swift in Sources */ = {isa = PBXBuildFile; fileRef = 217F7D7F2DB21DA200A3249D /* DetailPresenter.swift */; };
		217F7D822DB21E7E00A3249D /* DetailRouter.swift in Sources */ = {isa = PBXBuildFile; fileRef = 217F7D812DB21E7E00A3249D /* DetailRouter.swift */; };
		217F7D852DB21F7D00A3249D /* ListAssemblies.swift in Sources */ = {isa = PBXBuildFile; fileRef = 217F7D842DB21F7D00A3249D /* ListAssemblies.swift */; };
/* End PBXBuildFile section */

/* Begin PBXFileReference section */
		210352442DB8F02000F08902 /* ListViewState.swift */ = {isa = PBXFileReference; lastKnownFileType = sourcecode.swift; path = ListViewState.swift; sourceTree = "<group>"; };
		211EE8FE2DB11BDB001A71E8 /* ToDoList.app */ = {isa = PBXFileReference; explicitFileType = wrapper.application; includeInIndex = 0; path = ToDoList.app; sourceTree = BUILT_PRODUCTS_DIR; };
		211EE9012DB11BDB001A71E8 /* ToDoListApp.swift */ = {isa = PBXFileReference; lastKnownFileType = sourcecode.swift; path = ToDoListApp.swift; sourceTree = "<group>"; };
		211EE9032DB11BDB001A71E8 /* DetailView.swift */ = {isa = PBXFileReference; lastKnownFileType = sourcecode.swift; path = DetailView.swift; sourceTree = "<group>"; };
		211EE9052DB11BDD001A71E8 /* Assets.xcassets */ = {isa = PBXFileReference; lastKnownFileType = folder.assetcatalog; path = Assets.xcassets; sourceTree = "<group>"; };
		211EE9082DB11BDD001A71E8 /* Preview Assets.xcassets */ = {isa = PBXFileReference; lastKnownFileType = folder.assetcatalog; path = "Preview Assets.xcassets"; sourceTree = "<group>"; };
		211EE90A2DB11BDD001A71E8 /* DataStore.swift */ = {isa = PBXFileReference; lastKnownFileType = sourcecode.swift; path = DataStore.swift; sourceTree = "<group>"; };
		211EE90D2DB11BDD001A71E8 /* ToDoList.xcdatamodel */ = {isa = PBXFileReference; lastKnownFileType = wrapper.xcdatamodel; path = ToDoList.xcdatamodel; sourceTree = "<group>"; };
		211EE9192DB11FAC001A71E8 /* Entity.swift */ = {isa = PBXFileReference; lastKnownFileType = sourcecode.swift; path = Entity.swift; sourceTree = "<group>"; };
		211EE91B2DB11FCF001A71E8 /* NetworkService.swift */ = {isa = PBXFileReference; lastKnownFileType = sourcecode.swift; path = NetworkService.swift; sourceTree = "<group>"; };
		211EE91D2DB11FF0001A71E8 /* DetailProtocols.swift */ = {isa = PBXFileReference; lastKnownFileType = sourcecode.swift; path = DetailProtocols.swift; sourceTree = "<group>"; };
		215A9F182DB254CD004C6C07 /* DetailInteractor.swift */ = {isa = PBXFileReference; lastKnownFileType = sourcecode.swift; path = DetailInteractor.swift; sourceTree = "<group>"; };
		215A9F282DB26BA8004C6C07 /* ListPresenter.swift */ = {isa = PBXFileReference; lastKnownFileType = sourcecode.swift; path = ListPresenter.swift; sourceTree = "<group>"; };
		215A9F2B2DB26BB7004C6C07 /* ListInteractor.swift */ = {isa = PBXFileReference; lastKnownFileType = sourcecode.swift; path = ListInteractor.swift; sourceTree = "<group>"; };
		215A9F2D2DB26BC0004C6C07 /* ListView.swift */ = {isa = PBXFileReference; lastKnownFileType = sourcecode.swift; path = ListView.swift; sourceTree = "<group>"; };
		215A9F312DB26BD0004C6C07 /* ListRouter.swift */ = {isa = PBXFileReference; lastKnownFileType = sourcecode.swift; path = ListRouter.swift; sourceTree = "<group>"; };
		215A9F362DB27523004C6C07 /* ListProtocols.swift */ = {isa = PBXFileReference; lastKnownFileType = sourcecode.swift; path = ListProtocols.swift; sourceTree = "<group>"; };
		215A9F3A2DB275FE004C6C07 /* DetailAssemblies.swift */ = {isa = PBXFileReference; lastKnownFileType = sourcecode.swift; path = DetailAssemblies.swift; sourceTree = "<group>"; };
		217F7D7D2DB21CF700A3249D /* DetailViewState.swift */ = {isa = PBXFileReference; lastKnownFileType = sourcecode.swift; path = DetailViewState.swift; sourceTree = "<group>"; };
		217F7D7F2DB21DA200A3249D /* DetailPresenter.swift */ = {isa = PBXFileReference; lastKnownFileType = sourcecode.swift; path = DetailPresenter.swift; sourceTree = "<group>"; };
		217F7D812DB21E7E00A3249D /* DetailRouter.swift */ = {isa = PBXFileReference; lastKnownFileType = sourcecode.swift; path = DetailRouter.swift; sourceTree = "<group>"; };
		217F7D842DB21F7D00A3249D /* ListAssemblies.swift */ = {isa = PBXFileReference; lastKnownFileType = sourcecode.swift; path = ListAssemblies.swift; sourceTree = "<group>"; };
/* End PBXFileReference section */

/* Begin PBXFrameworksBuildPhase section */
		211EE8FB2DB11BDB001A71E8 /* Frameworks */ = {
			isa = PBXFrameworksBuildPhase;
			buildActionMask = 2147483647;
			files = (
				215A9F1E2DB25596004C6C07 /* Alamofire in Frameworks */,
			);
			runOnlyForDeploymentPostprocessing = 0;
		};
/* End PBXFrameworksBuildPhase section */

/* Begin PBXGroup section */
		211EE8F52DB11BDB001A71E8 = {
			isa = PBXGroup;
			children = (
				211EE9002DB11BDB001A71E8 /* ToDoList */,
				211EE8FF2DB11BDB001A71E8 /* Products */,
			);
			sourceTree = "<group>";
		};
		211EE8FF2DB11BDB001A71E8 /* Products */ = {
			isa = PBXGroup;
			children = (
				211EE8FE2DB11BDB001A71E8 /* ToDoList.app */,
			);
			name = Products;
			sourceTree = "<group>";
		};
		211EE9002DB11BDB001A71E8 /* ToDoList */ = {
			isa = PBXGroup;
			children = (
				215A9F332DB27310004C6C07 /* Modules */,
				211EE9142DB11C36001A71E8 /* Entity */,
				215A9F212DB2581B004C6C07 /* Resources */,
				215A9F1A2DB25566004C6C07 /* Services */,
				211EE9012DB11BDB001A71E8 /* ToDoListApp.swift */,
				211EE9072DB11BDD001A71E8 /* Preview Content */,
			);
			path = ToDoList;
			sourceTree = "<group>";
		};
		211EE9072DB11BDD001A71E8 /* Preview Content */ = {
			isa = PBXGroup;
			children = (
				211EE9082DB11BDD001A71E8 /* Preview Assets.xcassets */,
			);
			path = "Preview Content";
			sourceTree = "<group>";
		};
		211EE9142DB11C36001A71E8 /* Entity */ = {
			isa = PBXGroup;
			children = (
				211EE90A2DB11BDD001A71E8 /* DataStore.swift */,
				211EE9192DB11FAC001A71E8 /* Entity.swift */,
			);
			path = Entity;
			sourceTree = "<group>";
		};
		211EE9152DB11C42001A71E8 /* Router */ = {
			isa = PBXGroup;
			children = (
				217F7D812DB21E7E00A3249D /* DetailRouter.swift */,
			);
			path = Router;
			sourceTree = "<group>";
		};
		211EE9162DB11C48001A71E8 /* Presenter */ = {
			isa = PBXGroup;
			children = (
				217F7D7F2DB21DA200A3249D /* DetailPresenter.swift */,
			);
			path = Presenter;
			sourceTree = "<group>";
		};
		211EE9172DB11C5C001A71E8 /* View */ = {
			isa = PBXGroup;
			children = (
				211EE9032DB11BDB001A71E8 /* DetailView.swift */,
				217F7D7D2DB21CF700A3249D /* DetailViewState.swift */,
			);
			path = View;
			sourceTree = "<group>";
		};
		211EE9182DB11C67001A71E8 /* Interactor */ = {
			isa = PBXGroup;
			children = (
				215A9F182DB254CD004C6C07 /* DetailInteractor.swift */,
			);
			path = Interactor;
			sourceTree = "<group>";
		};
		215A9F1A2DB25566004C6C07 /* Services */ = {
			isa = PBXGroup;
			children = (
				211EE91B2DB11FCF001A71E8 /* NetworkService.swift */,
			);
			path = Services;
			sourceTree = "<group>";
		};
		215A9F212DB2581B004C6C07 /* Resources */ = {
			isa = PBXGroup;
			children = (
				211EE9052DB11BDD001A71E8 /* Assets.xcassets */,
				211EE90C2DB11BDD001A71E8 /* ToDoList.xcdatamodeld */,
			);
			path = Resources;
			sourceTree = "<group>";
		};
		215A9F222DB26B16004C6C07 /* ToDoList */ = {
			isa = PBXGroup;
			children = (
				215A9F352DB27519004C6C07 /* Protocols */,
				215A9F382DB275D3004C6C07 /* Assembly */,
				215A9F262DB26B5E004C6C07 /* Presenter */,
				215A9F272DB26B63004C6C07 /* Interactor */,
				215A9F252DB26B55004C6C07 /* View */,
				215A9F242DB26B4F004C6C07 /* Router */,
			);
			path = ToDoList;
			sourceTree = "<group>";
		};
		215A9F232DB26B2C004C6C07 /* ToDoDetail */ = {
			isa = PBXGroup;
			children = (
				215A9F392DB275ED004C6C07 /* Assembly */,
				215A9F342DB274E0004C6C07 /* Protocols */,
				211EE9162DB11C48001A71E8 /* Presenter */,
				211EE9182DB11C67001A71E8 /* Interactor */,
				211EE9172DB11C5C001A71E8 /* View */,
				211EE9152DB11C42001A71E8 /* Router */,
			);
			path = ToDoDetail;
			sourceTree = "<group>";
		};
		215A9F242DB26B4F004C6C07 /* Router */ = {
			isa = PBXGroup;
			children = (
				215A9F312DB26BD0004C6C07 /* ListRouter.swift */,
			);
			path = Router;
			sourceTree = "<group>";
		};
		215A9F252DB26B55004C6C07 /* View */ = {
			isa = PBXGroup;
			children = (
				215A9F2D2DB26BC0004C6C07 /* ListView.swift */,
				210352442DB8F02000F08902 /* ListViewState.swift */,
			);
			path = View;
			sourceTree = "<group>";
		};
		215A9F262DB26B5E004C6C07 /* Presenter */ = {
			isa = PBXGroup;
			children = (
				215A9F282DB26BA8004C6C07 /* ListPresenter.swift */,
			);
			path = Presenter;
			sourceTree = "<group>";
		};
		215A9F272DB26B63004C6C07 /* Interactor */ = {
			isa = PBXGroup;
			children = (
				215A9F2B2DB26BB7004C6C07 /* ListInteractor.swift */,
			);
			path = Interactor;
			sourceTree = "<group>";
		};
		215A9F332DB27310004C6C07 /* Modules */ = {
			isa = PBXGroup;
			children = (
				215A9F222DB26B16004C6C07 /* ToDoList */,
				215A9F232DB26B2C004C6C07 /* ToDoDetail */,
			);
			path = Modules;
			sourceTree = "<group>";
		};
		215A9F342DB274E0004C6C07 /* Protocols */ = {
			isa = PBXGroup;
			children = (
				211EE91D2DB11FF0001A71E8 /* DetailProtocols.swift */,
			);
			path = Protocols;
			sourceTree = "<group>";
		};
		215A9F352DB27519004C6C07 /* Protocols */ = {
			isa = PBXGroup;
			children = (
				215A9F362DB27523004C6C07 /* ListProtocols.swift */,
			);
			path = Protocols;
			sourceTree = "<group>";
		};
		215A9F382DB275D3004C6C07 /* Assembly */ = {
			isa = PBXGroup;
			children = (
				217F7D842DB21F7D00A3249D /* ListAssemblies.swift */,
			);
			path = Assembly;
			sourceTree = "<group>";
		};
		215A9F392DB275ED004C6C07 /* Assembly */ = {
			isa = PBXGroup;
			children = (
				215A9F3A2DB275FE004C6C07 /* DetailAssemblies.swift */,
			);
			path = Assembly;
			sourceTree = "<group>";
		};
/* End PBXGroup section */

/* Begin PBXNativeTarget section */
		211EE8FD2DB11BDB001A71E8 /* ToDoList */ = {
			isa = PBXNativeTarget;
			buildConfigurationList = 211EE9112DB11BDD001A71E8 /* Build configuration list for PBXNativeTarget "ToDoList" */;
			buildPhases = (
				211EE8FA2DB11BDB001A71E8 /* Sources */,
				211EE8FB2DB11BDB001A71E8 /* Frameworks */,
				211EE8FC2DB11BDB001A71E8 /* Resources */,
			);
			buildRules = (
			);
			dependencies = (
			);
			name = ToDoList;
			packageProductDependencies = (
				215A9F1D2DB25596004C6C07 /* Alamofire */,
			);
			productName = ToDoList;
			productReference = 211EE8FE2DB11BDB001A71E8 /* ToDoList.app */;
			productType = "com.apple.product-type.application";
		};
/* End PBXNativeTarget section */

/* Begin PBXProject section */
		211EE8F62DB11BDB001A71E8 /* Project object */ = {
			isa = PBXProject;
			attributes = {
				BuildIndependentTargetsInParallel = 1;
				LastSwiftUpdateCheck = 1520;
				LastUpgradeCheck = 1520;
				TargetAttributes = {
					211EE8FD2DB11BDB001A71E8 = {
						CreatedOnToolsVersion = 15.2;
					};
				};
			};
			buildConfigurationList = 211EE8F92DB11BDB001A71E8 /* Build configuration list for PBXProject "ToDoList" */;
			compatibilityVersion = "Xcode 14.0";
			developmentRegion = en;
			hasScannedForEncodings = 0;
			knownRegions = (
				en,
				Base,
			);
			mainGroup = 211EE8F52DB11BDB001A71E8;
			packageReferences = (
				215A9F1C2DB25596004C6C07 /* XCRemoteSwiftPackageReference "Alamofire" */,
			);
			productRefGroup = 211EE8FF2DB11BDB001A71E8 /* Products */;
			projectDirPath = "";
			projectRoot = "";
			targets = (
				211EE8FD2DB11BDB001A71E8 /* ToDoList */,
			);
		};
/* End PBXProject section */

/* Begin PBXResourcesBuildPhase section */
		211EE8FC2DB11BDB001A71E8 /* Resources */ = {
			isa = PBXResourcesBuildPhase;
			buildActionMask = 2147483647;
			files = (
				211EE9092DB11BDD001A71E8 /* Preview Assets.xcassets in Resources */,
				211EE9062DB11BDD001A71E8 /* Assets.xcassets in Resources */,
			);
			runOnlyForDeploymentPostprocessing = 0;
		};
/* End PBXResourcesBuildPhase section */

/* Begin PBXSourcesBuildPhase section */
		211EE8FA2DB11BDB001A71E8 /* Sources */ = {
			isa = PBXSourcesBuildPhase;
			buildActionMask = 2147483647;
			files = (
				215A9F192DB254CD004C6C07 /* DetailInteractor.swift in Sources */,
				211EE90B2DB11BDD001A71E8 /* DataStore.swift in Sources */,
				215A9F2E2DB26BC0004C6C07 /* ListView.swift in Sources */,
				215A9F372DB27523004C6C07 /* ListProtocols.swift in Sources */,
				211EE91A2DB11FAC001A71E8 /* Entity.swift in Sources */,
				217F7D852DB21F7D00A3249D /* ListAssemblies.swift in Sources */,
				217F7D822DB21E7E00A3249D /* DetailRouter.swift in Sources */,
				211EE91E2DB11FF0001A71E8 /* DetailProtocols.swift in Sources */,
				211EE9042DB11BDB001A71E8 /* DetailView.swift in Sources */,
				217F7D802DB21DA200A3249D /* DetailPresenter.swift in Sources */,
				215A9F322DB26BD0004C6C07 /* ListRouter.swift in Sources */,
				211EE9022DB11BDB001A71E8 /* ToDoListApp.swift in Sources */,
				211EE91C2DB11FCF001A71E8 /* NetworkService.swift in Sources */,
				215A9F292DB26BA8004C6C07 /* ListPresenter.swift in Sources */,
				211EE90E2DB11BDD001A71E8 /* ToDoList.xcdatamodeld in Sources */,
				215A9F3B2DB275FE004C6C07 /* DetailAssemblies.swift in Sources */,
				215A9F2C2DB26BB7004C6C07 /* ListInteractor.swift in Sources */,
				210352452DB8F02000F08902 /* ListViewState.swift in Sources */,
				217F7D7E2DB21CF700A3249D /* DetailViewState.swift in Sources */,
			);
			runOnlyForDeploymentPostprocessing = 0;
		};
/* End PBXSourcesBuildPhase section */

/* Begin XCBuildConfiguration section */
		211EE90F2DB11BDD001A71E8 /* Debug */ = {
			isa = XCBuildConfiguration;
			buildSettings = {
				ALWAYS_SEARCH_USER_PATHS = NO;
				ASSETCATALOG_COMPILER_GENERATE_SWIFT_ASSET_SYMBOL_EXTENSIONS = YES;
				CLANG_ANALYZER_NONNULL = YES;
				CLANG_ANALYZER_NUMBER_OBJECT_CONVERSION = YES_AGGRESSIVE;
				CLANG_CXX_LANGUAGE_STANDARD = "gnu++20";
				CLANG_ENABLE_MODULES = YES;
				CLANG_ENABLE_OBJC_ARC = YES;
				CLANG_ENABLE_OBJC_WEAK = YES;
				CLANG_WARN_BLOCK_CAPTURE_AUTORELEASING = YES;
				CLANG_WARN_BOOL_CONVERSION = YES;
				CLANG_WARN_COMMA = YES;
				CLANG_WARN_CONSTANT_CONVERSION = YES;
				CLANG_WARN_DEPRECATED_OBJC_IMPLEMENTATIONS = YES;
				CLANG_WARN_DIRECT_OBJC_ISA_USAGE = YES_ERROR;
				CLANG_WARN_DOCUMENTATION_COMMENTS = YES;
				CLANG_WARN_EMPTY_BODY = YES;
				CLANG_WARN_ENUM_CONVERSION = YES;
				CLANG_WARN_INFINITE_RECURSION = YES;
				CLANG_WARN_INT_CONVERSION = YES;
				CLANG_WARN_NON_LITERAL_NULL_CONVERSION = YES;
				CLANG_WARN_OBJC_IMPLICIT_RETAIN_SELF = YES;
				CLANG_WARN_OBJC_LITERAL_CONVERSION = YES;
				CLANG_WARN_OBJC_ROOT_CLASS = YES_ERROR;
				CLANG_WARN_QUOTED_INCLUDE_IN_FRAMEWORK_HEADER = YES;
				CLANG_WARN_RANGE_LOOP_ANALYSIS = YES;
				CLANG_WARN_STRICT_PROTOTYPES = YES;
				CLANG_WARN_SUSPICIOUS_MOVE = YES;
				CLANG_WARN_UNGUARDED_AVAILABILITY = YES_AGGRESSIVE;
				CLANG_WARN_UNREACHABLE_CODE = YES;
				CLANG_WARN__DUPLICATE_METHOD_MATCH = YES;
				COPY_PHASE_STRIP = NO;
				DEBUG_INFORMATION_FORMAT = dwarf;
				ENABLE_STRICT_OBJC_MSGSEND = YES;
				ENABLE_TESTABILITY = YES;
				ENABLE_USER_SCRIPT_SANDBOXING = YES;
				GCC_C_LANGUAGE_STANDARD = gnu17;
				GCC_DYNAMIC_NO_PIC = NO;
				GCC_NO_COMMON_BLOCKS = YES;
				GCC_OPTIMIZATION_LEVEL = 0;
				GCC_PREPROCESSOR_DEFINITIONS = (
					"DEBUG=1",
					"$(inherited)",
				);
				GCC_WARN_64_TO_32_BIT_CONVERSION = YES;
				GCC_WARN_ABOUT_RETURN_TYPE = YES_ERROR;
				GCC_WARN_UNDECLARED_SELECTOR = YES;
				GCC_WARN_UNINITIALIZED_AUTOS = YES_AGGRESSIVE;
				GCC_WARN_UNUSED_FUNCTION = YES;
				GCC_WARN_UNUSED_VARIABLE = YES;
				IPHONEOS_DEPLOYMENT_TARGET = 17.2;
				LOCALIZATION_PREFERS_STRING_CATALOGS = YES;
				MTL_ENABLE_DEBUG_INFO = INCLUDE_SOURCE;
				MTL_FAST_MATH = YES;
				ONLY_ACTIVE_ARCH = YES;
				SDKROOT = iphoneos;
				SWIFT_ACTIVE_COMPILATION_CONDITIONS = "DEBUG $(inherited)";
				SWIFT_OPTIMIZATION_LEVEL = "-Onone";
			};
			name = Debug;
		};
		211EE9102DB11BDD001A71E8 /* Release */ = {
			isa = XCBuildConfiguration;
			buildSettings = {
				ALWAYS_SEARCH_USER_PATHS = NO;
				ASSETCATALOG_COMPILER_GENERATE_SWIFT_ASSET_SYMBOL_EXTENSIONS = YES;
				CLANG_ANALYZER_NONNULL = YES;
				CLANG_ANALYZER_NUMBER_OBJECT_CONVERSION = YES_AGGRESSIVE;
				CLANG_CXX_LANGUAGE_STANDARD = "gnu++20";
				CLANG_ENABLE_MODULES = YES;
				CLANG_ENABLE_OBJC_ARC = YES;
				CLANG_ENABLE_OBJC_WEAK = YES;
				CLANG_WARN_BLOCK_CAPTURE_AUTORELEASING = YES;
				CLANG_WARN_BOOL_CONVERSION = YES;
				CLANG_WARN_COMMA = YES;
				CLANG_WARN_CONSTANT_CONVERSION = YES;
				CLANG_WARN_DEPRECATED_OBJC_IMPLEMENTATIONS = YES;
				CLANG_WARN_DIRECT_OBJC_ISA_USAGE = YES_ERROR;
				CLANG_WARN_DOCUMENTATION_COMMENTS = YES;
				CLANG_WARN_EMPTY_BODY = YES;
				CLANG_WARN_ENUM_CONVERSION = YES;
				CLANG_WARN_INFINITE_RECURSION = YES;
				CLANG_WARN_INT_CONVERSION = YES;
				CLANG_WARN_NON_LITERAL_NULL_CONVERSION = YES;
				CLANG_WARN_OBJC_IMPLICIT_RETAIN_SELF = YES;
				CLANG_WARN_OBJC_LITERAL_CONVERSION = YES;
				CLANG_WARN_OBJC_ROOT_CLASS = YES_ERROR;
				CLANG_WARN_QUOTED_INCLUDE_IN_FRAMEWORK_HEADER = YES;
				CLANG_WARN_RANGE_LOOP_ANALYSIS = YES;
				CLANG_WARN_STRICT_PROTOTYPES = YES;
				CLANG_WARN_SUSPICIOUS_MOVE = YES;
				CLANG_WARN_UNGUARDED_AVAILABILITY = YES_AGGRESSIVE;
				CLANG_WARN_UNREACHABLE_CODE = YES;
				CLANG_WARN__DUPLICATE_METHOD_MATCH = YES;
				COPY_PHASE_STRIP = NO;
				DEBUG_INFORMATION_FORMAT = "dwarf-with-dsym";
				ENABLE_NS_ASSERTIONS = NO;
				ENABLE_STRICT_OBJC_MSGSEND = YES;
				ENABLE_USER_SCRIPT_SANDBOXING = YES;
				GCC_C_LANGUAGE_STANDARD = gnu17;
				GCC_NO_COMMON_BLOCKS = YES;
				GCC_WARN_64_TO_32_BIT_CONVERSION = YES;
				GCC_WARN_ABOUT_RETURN_TYPE = YES_ERROR;
				GCC_WARN_UNDECLARED_SELECTOR = YES;
				GCC_WARN_UNINITIALIZED_AUTOS = YES_AGGRESSIVE;
				GCC_WARN_UNUSED_FUNCTION = YES;
				GCC_WARN_UNUSED_VARIABLE = YES;
				IPHONEOS_DEPLOYMENT_TARGET = 17.2;
				LOCALIZATION_PREFERS_STRING_CATALOGS = YES;
				MTL_ENABLE_DEBUG_INFO = NO;
				MTL_FAST_MATH = YES;
				SDKROOT = iphoneos;
				SWIFT_COMPILATION_MODE = wholemodule;
				VALIDATE_PRODUCT = YES;
			};
			name = Release;
		};
		211EE9122DB11BDD001A71E8 /* Debug */ = {
			isa = XCBuildConfiguration;
			buildSettings = {
				ASSETCATALOG_COMPILER_APPICON_NAME = AppIcon;
				ASSETCATALOG_COMPILER_GLOBAL_ACCENT_COLOR_NAME = AccentColor;
				CODE_SIGN_STYLE = Automatic;
				CURRENT_PROJECT_VERSION = 1;
				DEVELOPMENT_ASSET_PATHS = "\"ToDoList/Preview Content\"";
				ENABLE_PREVIEWS = YES;
				GENERATE_INFOPLIST_FILE = YES;
				INFOPLIST_KEY_UIApplicationSceneManifest_Generation = YES;
				INFOPLIST_KEY_UIApplicationSupportsIndirectInputEvents = YES;
				INFOPLIST_KEY_UILaunchScreen_Generation = YES;
				INFOPLIST_KEY_UISupportedInterfaceOrientations_iPad = "UIInterfaceOrientationPortrait UIInterfaceOrientationPortraitUpsideDown UIInterfaceOrientationLandscapeLeft UIInterfaceOrientationLandscapeRight";
				INFOPLIST_KEY_UISupportedInterfaceOrientations_iPhone = "UIInterfaceOrientationPortrait UIInterfaceOrientationLandscapeLeft UIInterfaceOrientationLandscapeRight";
				LD_RUNPATH_SEARCH_PATHS = (
					"$(inherited)",
					"@executable_path/Frameworks",
				);
				MARKETING_VERSION = 1.0;
				PRODUCT_BUNDLE_IDENTIFIER = c.ToDoList;
				PRODUCT_NAME = "$(TARGET_NAME)";
				SWIFT_EMIT_LOC_STRINGS = YES;
				SWIFT_VERSION = 5.0;
				TARGETED_DEVICE_FAMILY = "1,2";
			};
			name = Debug;
		};
		211EE9132DB11BDD001A71E8 /* Release */ = {
			isa = XCBuildConfiguration;
			buildSettings = {
				ASSETCATALOG_COMPILER_APPICON_NAME = AppIcon;
				ASSETCATALOG_COMPILER_GLOBAL_ACCENT_COLOR_NAME = AccentColor;
				CODE_SIGN_STYLE = Automatic;
				CURRENT_PROJECT_VERSION = 1;
				DEVELOPMENT_ASSET_PATHS = "\"ToDoList/Preview Content\"";
				ENABLE_PREVIEWS = YES;
				GENERATE_INFOPLIST_FILE = YES;
				INFOPLIST_KEY_UIApplicationSceneManifest_Generation = YES;
				INFOPLIST_KEY_UIApplicationSupportsIndirectInputEvents = YES;
				INFOPLIST_KEY_UILaunchScreen_Generation = YES;
				INFOPLIST_KEY_UISupportedInterfaceOrientations_iPad = "UIInterfaceOrientationPortrait UIInterfaceOrientationPortraitUpsideDown UIInterfaceOrientationLandscapeLeft UIInterfaceOrientationLandscapeRight";
				INFOPLIST_KEY_UISupportedInterfaceOrientations_iPhone = "UIInterfaceOrientationPortrait UIInterfaceOrientationLandscapeLeft UIInterfaceOrientationLandscapeRight";
				LD_RUNPATH_SEARCH_PATHS = (
					"$(inherited)",
					"@executable_path/Frameworks",
				);
				MARKETING_VERSION = 1.0;
				PRODUCT_BUNDLE_IDENTIFIER = c.ToDoList;
				PRODUCT_NAME = "$(TARGET_NAME)";
				SWIFT_EMIT_LOC_STRINGS = YES;
				SWIFT_VERSION = 5.0;
				TARGETED_DEVICE_FAMILY = "1,2";
			};
			name = Release;
		};
/* End XCBuildConfiguration section */

/* Begin XCConfigurationList section */
		211EE8F92DB11BDB001A71E8 /* Build configuration list for PBXProject "ToDoList" */ = {
			isa = XCConfigurationList;
			buildConfigurations = (
				211EE90F2DB11BDD001A71E8 /* Debug */,
				211EE9102DB11BDD001A71E8 /* Release */,
			);
			defaultConfigurationIsVisible = 0;
			defaultConfigurationName = Release;
		};
		211EE9112DB11BDD001A71E8 /* Build configuration list for PBXNativeTarget "ToDoList" */ = {
			isa = XCConfigurationList;
			buildConfigurations = (
				211EE9122DB11BDD001A71E8 /* Debug */,
				211EE9132DB11BDD001A71E8 /* Release */,
			);
			defaultConfigurationIsVisible = 0;
			defaultConfigurationName = Release;
		};
/* End XCConfigurationList section */

/* Begin XCRemoteSwiftPackageReference section */
		215A9F1C2DB25596004C6C07 /* XCRemoteSwiftPackageReference "Alamofire" */ = {
			isa = XCRemoteSwiftPackageReference;
			repositoryURL = "https://github.com/Alamofire/Alamofire.git";
			requirement = {
				kind = upToNextMajorVersion;
				minimumVersion = 5.10.2;
			};
		};
/* End XCRemoteSwiftPackageReference section */

/* Begin XCSwiftPackageProductDependency section */
		215A9F1D2DB25596004C6C07 /* Alamofire */ = {
			isa = XCSwiftPackageProductDependency;
			package = 215A9F1C2DB25596004C6C07 /* XCRemoteSwiftPackageReference "Alamofire" */;
			productName = Alamofire;
		};
/* End XCSwiftPackageProductDependency section */

/* Begin XCVersionGroup section */
		211EE90C2DB11BDD001A71E8 /* ToDoList.xcdatamodeld */ = {
			isa = XCVersionGroup;
			children = (
				211EE90D2DB11BDD001A71E8 /* ToDoList.xcdatamodel */,
			);
			currentVersion = 211EE90D2DB11BDD001A71E8 /* ToDoList.xcdatamodel */;
			path = ToDoList.xcdatamodeld;
			sourceTree = "<group>";
			versionGroupType = wrapper.xcdatamodel;
		};
/* End XCVersionGroup section */
	};
	rootObject = 211EE8F62DB11BDB001A71E8 /* Project object */;
}
